
Microsoft Visual Studio Solution File, Format Version 12.00
# Visual Studio Version 17
VisualStudioVersion = 17.2.32519.379
MinimumVisualStudioVersion = 10.0.40219.1
Project("{FAE04EC0-301F-11D3-BF4B-00C04F79EFBC}") = "BOXING_APP", "WindowsFormsApp2\BOXING_APP.csproj", "{0665A78A-2F92-40E6-82D1-7F9D2B8741CB}"
EndProject
Global
	GlobalSection(SolutionConfigurationPlatforms) = preSolution
		Debug|Any CPU = Debug|Any CPU
		Release|Any CPU = Release|Any CPU
	EndGlobalSection
	GlobalSection(ProjectConfigurationPlatforms) = postSolution
		{0665A78A-2F92-40E6-82D1-7F9D2B8741CB}.Debug|Any CPU.ActiveCfg = Debug|Any CPU
		{0665A78A-2F92-40E6-82D1-7F9D2B8741CB}.Debug|Any CPU.Build.0 = Debug|Any CPU
		{0665A78A-2F92-40E6-82D1-7F9D2B8741CB}.Release|Any CPU.ActiveCfg = Release|Any CPU
		{0665A78A-2F92-40E6-82D1-7F9D2B8741CB}.Release|Any CPU.Build.0 = Release|Any CPU
	EndGlobalSection
	GlobalSection(SolutionProperties) = preSolution
		HideSolutionNode = FALSE
	EndGlobalSection
	GlobalSection(ExtensibilityGlobals) = postSolution
		SolutionGuid = {C17E8B62-5B15-489A-B67F-F88DDCFB7917}
	EndGlobalSection
EndGlobal
